
Microsoft Visual Studio Solution File, Format Version 12.00
# Visual Studio Version 16
VisualStudioVersion = 16.0.30804.86
MinimumVisualStudioVersion = 10.0.40219.1
Project("{FAE04EC0-301F-11D3-BF4B-00C04F79EFBC}") = "Sneakybox-mandatory-task", "Sneakybox-mandatory-task.csproj", "{87E0A48E-ABDB-48D5-9547-C60532D3016B}"
EndProject
Global
	GlobalSection(SolutionConfigurationPlatforms) = preSolution
		Debug|Any CPU = Debug|Any CPU
		Release|Any CPU = Release|Any CPU
	EndGlobalSection
	GlobalSection(ProjectConfigurationPlatforms) = postSolution
		{87E0A48E-ABDB-48D5-9547-C60532D3016B}.Debug|Any CPU.ActiveCfg = Debug|Any CPU
		{87E0A48E-ABDB-48D5-9547-C60532D3016B}.Debug|Any CPU.Build.0 = Debug|Any CPU
		{87E0A48E-ABDB-48D5-9547-C60532D3016B}.Release|Any CPU.ActiveCfg = Release|Any CPU
		{87E0A48E-ABDB-48D5-9547-C60532D3016B}.Release|Any CPU.Build.0 = Release|Any CPU
	EndGlobalSection
	GlobalSection(SolutionProperties) = preSolution
		HideSolutionNode = FALSE
	EndGlobalSection
	GlobalSection(ExtensibilityGlobals) = postSolution
		SolutionGuid = {746BC8B6-DDE8-4CDB-B75A-A9A76E8A13CD}
	EndGlobalSection
EndGlobal
